{
  "name": "static",
  "lockfileVersion": 3,
  "requires": true,
  "packages": {
    "": {
      "dependencies": {
        "hslayers-cesium-app": "14.0.0-next.2",
        "hslayers-ng-app": "14.0.0-next.2"
      }
    },
    "node_modules/hslayers-cesium-app": {
      "version": "14.0.0-next.2",
      "resolved": "https://registry.npmjs.org/hslayers-cesium-app/-/hslayers-cesium-app-14.0.0-next.2.tgz",
      "integrity": "sha512-12oaFuXXfgb1eQcV4kS4ZYrE9/5SjDwDMuq+6gnOcxzwqt1Wg9vXB8xNCbd8hnwTp54crrZPwul5bL/5BakqbA=="
    },
    "node_modules/hslayers-ng-app": {
      "version": "14.0.0-next.2",
      "resolved": "https://registry.npmjs.org/hslayers-ng-app/-/hslayers-ng-app-14.0.0-next.2.tgz",
      "integrity": "sha512-rTRDSZA+vB9rQR7ly0OaoJZhOhBOkUa2Z4xKlv+5Lo6ifrO38gMphegHysXBPhM7aUwECZYbvPf13a0XTcpBjw=="
    }
  }
}
